
Microsoft Visual Studio Solution File, Format Version 12.00
# Visual Studio Version 17
VisualStudioVersion = 17.1.32421.90
MinimumVisualStudioVersion = 10.0.40219.1
Project("{FAE04EC0-301F-11D3-BF4B-00C04F79EFBC}") = "Baze", "Baze\Baze.csproj", "{55E8AE8B-60CA-4356-9D90-921D600825E7}"
EndProject
Global
	GlobalSection(SolutionConfigurationPlatforms) = preSolution
		Debug|Any CPU = Debug|Any CPU
		Release|Any CPU = Release|Any CPU
	EndGlobalSection
	GlobalSection(ProjectConfigurationPlatforms) = postSolution
		{55E8AE8B-60CA-4356-9D90-921D600825E7}.Debug|Any CPU.ActiveCfg = Debug|Any CPU
		{55E8AE8B-60CA-4356-9D90-921D600825E7}.Debug|Any CPU.Build.0 = Debug|Any CPU
		{55E8AE8B-60CA-4356-9D90-921D600825E7}.Release|Any CPU.ActiveCfg = Release|Any CPU
		{55E8AE8B-60CA-4356-9D90-921D600825E7}.Release|Any CPU.Build.0 = Release|Any CPU
	EndGlobalSection
	GlobalSection(SolutionProperties) = preSolution
		HideSolutionNode = FALSE
	EndGlobalSection
	GlobalSection(ExtensibilityGlobals) = postSolution
		SolutionGuid = {ABC76964-1607-4C46-BA3C-DBE39B711077}
	EndGlobalSection
EndGlobal
